dependencies:
- name: okdp-control-plane-server
  repository: oci://quay.io/okdp/charts
  version: 0.7.1
- name: okdp-control-plane-ui
  repository: oci://quay.io/okdp/charts
  version: 0.7.0
digest: sha256:f6c3fa94a325f355ebc99118eac8bf879a06b818f68a395c2ae1d23d8e3c66d2
generated: "2026-08-24T11:05:52.00619+02:00"
